
Microsoft Visual Studio Solution File, Format Version 12.00
# Visual Studio 15
VisualStudioVersion = 15.0.28307.136
MinimumVisualStudioVersion = 10.0.40219.1
Project("{FAE04EC0-301F-11D3-BF4B-00C04F79EFBC}") = "Demo_Linq", "Demo_Linq\Demo_Linq.csproj", "{A050C2BC-493A-4633-84A7-C62068D5D890}"
EndProject
Global
	GlobalSection(SolutionConfigurationPlatforms) = preSolution
		Debug|Any CPU = Debug|Any CPU
		Release|Any CPU = Release|Any CPU
	EndGlobalSection
	GlobalSection(ProjectConfigurationPlatforms) = postSolution
		{A050C2BC-493A-4633-84A7-C62068D5D890}.Debug|Any CPU.ActiveCfg = Debug|Any CPU
		{A050C2BC-493A-4633-84A7-C62068D5D890}.Debug|Any CPU.Build.0 = Debug|Any CPU
		{A050C2BC-493A-4633-84A7-C62068D5D890}.Release|Any CPU.ActiveCfg = Release|Any CPU
		{A050C2BC-493A-4633-84A7-C62068D5D890}.Release|Any CPU.Build.0 = Release|Any CPU
	EndGlobalSection
	GlobalSection(SolutionProperties) = preSolution
		HideSolutionNode = FALSE
	EndGlobalSection
	GlobalSection(ExtensibilityGlobals) = postSolution
		SolutionGuid = {863918B9-9259-4EB0-9414-F0135D2EF07B}
	EndGlobalSection
EndGlobal
